
Microsoft Visual Studio Solution File, Format Version 12.00
# Visual Studio Version 17
VisualStudioVersion = 17.4.33205.214
MinimumVisualStudioVersion = 10.0.40219.1
Project("{FAE04EC0-301F-11D3-BF4B-00C04F79EFBC}") = "URL_Shortener_Web", "URL_Shortener_Web\URL_Shortener_Web.csproj", "{B80C2DCE-41E7-4159-B27C-41DB89AC3F0D}"
EndProject
Project("{FAE04EC0-301F-11D3-BF4B-00C04F79EFBC}") = "URL_Shortener_BLL", "URL_Shortener_BLL\URL_Shortener_BLL.csproj", "{C4952C42-414A-46D9-BC59-997EFD6B4EDF}"
EndProject
Project("{FAE04EC0-301F-11D3-BF4B-00C04F79EFBC}") = "URL_Shortener_DAL", "URL_Shortener_DAL\URL_Shortener_DAL.csproj", "{78743F5A-14F0-4655-8682-A19CFBE1B644}"
EndProject
Project("{FAE04EC0-301F-11D3-BF4B-00C04F79EFBC}") = "URL_Shortener_Common", "URL_Shortener_Common\URL_Shortener_Common.csproj", "{FB98BB44-AB6F-47B0-8938-D1F31B5B1405}"
EndProject
Global
	GlobalSection(SolutionConfigurationPlatforms) = preSolution
		Debug|Any CPU = Debug|Any CPU
		Release|Any CPU = Release|Any CPU
	EndGlobalSection
	GlobalSection(ProjectConfigurationPlatforms) = postSolution
		{B80C2DCE-41E7-4159-B27C-41DB89AC3F0D}.Debug|Any CPU.ActiveCfg = Debug|Any CPU
		{B80C2DCE-41E7-4159-B27C-41DB89AC3F0D}.Debug|Any CPU.Build.0 = Debug|Any CPU
		{B80C2DCE-41E7-4159-B27C-41DB89AC3F0D}.Release|Any CPU.ActiveCfg = Release|Any CPU
		{B80C2DCE-41E7-4159-B27C-41DB89AC3F0D}.Release|Any CPU.Build.0 = Release|Any CPU
		{C4952C42-414A-46D9-BC59-997EFD6B4EDF}.Debug|Any CPU.ActiveCfg = Debug|Any CPU
		{C4952C42-414A-46D9-BC59-997EFD6B4EDF}.Debug|Any CPU.Build.0 = Debug|Any CPU
		{C4952C42-414A-46D9-BC59-997EFD6B4EDF}.Release|Any CPU.ActiveCfg = Release|Any CPU
		{C4952C42-414A-46D9-BC59-997EFD6B4EDF}.Release|Any CPU.Build.0 = Release|Any CPU
		{78743F5A-14F0-4655-8682-A19CFBE1B644}.Debug|Any CPU.ActiveCfg = Debug|Any CPU
		{78743F5A-14F0-4655-8682-A19CFBE1B644}.Debug|Any CPU.Build.0 = Debug|Any CPU
		{78743F5A-14F0-4655-8682-A19CFBE1B644}.Release|Any CPU.ActiveCfg = Release|Any CPU
		{78743F5A-14F0-4655-8682-A19CFBE1B644}.Release|Any CPU.Build.0 = Release|Any CPU
		{FB98BB44-AB6F-47B0-8938-D1F31B5B1405}.Debug|Any CPU.ActiveCfg = Debug|Any CPU
		{FB98BB44-AB6F-47B0-8938-D1F31B5B1405}.Debug|Any CPU.Build.0 = Debug|Any CPU
		{FB98BB44-AB6F-47B0-8938-D1F31B5B1405}.Release|Any CPU.ActiveCfg = Release|Any CPU
		{FB98BB44-AB6F-47B0-8938-D1F31B5B1405}.Release|Any CPU.Build.0 = Release|Any CPU
	EndGlobalSection
	GlobalSection(SolutionProperties) = preSolution
		HideSolutionNode = FALSE
	EndGlobalSection
	GlobalSection(ExtensibilityGlobals) = postSolution
		SolutionGuid = {8D9892F0-21D6-4053-86A6-0AEE9000FBB6}
	EndGlobalSection
EndGlobal
